// !$*UTF8*$!
{
	archiveVersion = 1;
	classes = {
	};
	objectVersion = 46;
	objects = {

/* Begin PBXBuildFile section */
		3D0AFDA519F5CA1600439514 /* WebViewController.swift in Sources */ = {isa = PBXBuildFile; fileRef = 3D0AFDA419F5CA1600439514 /* WebViewController.swift */; };
		3D159F6F19EDC7BE003B61AB /* DetailViewController.swift in Sources */ = {isa = PBXBuildFile; fileRef = 3D159F6E19EDC7BE003B61AB /* DetailViewController.swift */; };
		3D1E540B1A389F170031EB71 /* Logger.swift in Sources */ = {isa = PBXBuildFile; fileRef = 3D1E540A1A389F170031EB71 /* Logger.swift */; };
		3D1E540D1A38A02E0031EB71 /* NetworkLibrary.swift in Sources */ = {isa = PBXBuildFile; fileRef = 3D1E540C1A38A02E0031EB71 /* NetworkLibrary.swift */; };
		3D1E540F1A38BD2E0031EB71 /* User.swift in Sources */ = {isa = PBXBuildFile; fileRef = 3D1E540E1A38BD2E0031EB71 /* User.swift */; };
		3D1E54121A38BD970031EB71 /* Stop.swift in Sources */ = {isa = PBXBuildFile; fileRef = 3D1E54111A38BD970031EB71 /* Stop.swift */; };
		3D31F58B19EC500B0066A033 /* LeaveViewController.swift in Sources */ = {isa = PBXBuildFile; fileRef = 3D31F58A19EC500B0066A033 /* LeaveViewController.swift */; };
		3D32417E1A3B6C9900E795DE /* SocivyRouteAPI.swift in Sources */ = {isa = PBXBuildFile; fileRef = 3D32417D1A3B6C9900E795DE /* SocivyRouteAPI.swift */; };
		3D3E7E1D19F577CB005D1BA7 /* SocivyErrorHandler.swift in Sources */ = {isa = PBXBuildFile; fileRef = 3D3E7E1C19F577CB005D1BA7 /* SocivyErrorHandler.swift */; };
		3D82E0D719EB00B200A22CA1 /* JoinViewController.swift in Sources */ = {isa = PBXBuildFile; fileRef = 3D82E0D619EB00B200A22CA1 /* JoinViewController.swift */; };
		3D9AA1511A0A5CB900B043B1 /* MeViewController.swift in Sources */ = {isa = PBXBuildFile; fileRef = 3D9AA1501A0A5CB900B043B1 /* MeViewController.swift */; };
		3DB185571A3BC3A800E24F30 /* SocivyToolAPI.swift in Sources */ = {isa = PBXBuildFile; fileRef = 3DB185561A3BC3A800E24F30 /* SocivyToolAPI.swift */; };
		3DB185591A3BC69A00E24F30 /* Bus.swift in Sources */ = {isa = PBXBuildFile; fileRef = 3DB185581A3BC69A00E24F30 /* Bus.swift */; };
		3DB5F6511A49C7B100C760E6 /* ChatCommunicator.swift in Sources */ = {isa = PBXBuildFile; fileRef = 3DB5F6501A49C7B100C760E6 /* ChatCommunicator.swift */; };
		3DB5F6541A49C97400C760E6 /* Room.swift in Sources */ = {isa = PBXBuildFile; fileRef = 3DB5F6531A49C97400C760E6 /* Room.swift */; };
		3DB5F6571A49C9B500C760E6 /* Message.swift in Sources */ = {isa = PBXBuildFile; fileRef = 3DB5F6561A49C9B500C760E6 /* Message.swift */; };
		3DB5F6591A4A123B00C760E6 /* AudioToolbox.framework in Frameworks */ = {isa = PBXBuildFile; fileRef = 3DB5F6581A4A123B00C760E6 /* AudioToolbox.framework */; };
		3DB5F65E1A4A154200C760E6 /* AVFoundation.framework in Frameworks */ = {isa = PBXBuildFile; fileRef = 3DB5F65D1A4A154200C760E6 /* AVFoundation.framework */; };
		3DB5F6601A4A176700C760E6 /* mgs.mp3 in Resources */ = {isa = PBXBuildFile; fileRef = 3DB5F65F1A4A176700C760E6 /* mgs.mp3 */; };
		3DB5F66B1A4A18E000C760E6 /* codeccall.wav in Resources */ = {isa = PBXBuildFile; fileRef = 3DB5F6611A4A18E000C760E6 /* codeccall.wav */; };
		3DB5F66C1A4A18E000C760E6 /* codecopen.wav in Resources */ = {isa = PBXBuildFile; fileRef = 3DB5F6621A4A18E000C760E6 /* codecopen.wav */; };
		3DB5F66D1A4A18E000C760E6 /* codecover.wav in Resources */ = {isa = PBXBuildFile; fileRef = 3DB5F6631A4A18E000C760E6 /* codecover.wav */; };
		3DB5F66E1A4A18E000C760E6 /* doorbuzz.wav in Resources */ = {isa = PBXBuildFile; fileRef = 3DB5F6641A4A18E000C760E6 /* doorbuzz.wav */; };
		3DB5F66F1A4A18E000C760E6 /* exit.wav in Resources */ = {isa = PBXBuildFile; fileRef = 3DB5F6651A4A18E000C760E6 /* exit.wav */; };
		3DB5F6701A4A18E000C760E6 /* found.wav in Resources */ = {isa = PBXBuildFile; fileRef = 3DB5F6661A4A18E000C760E6 /* found.wav */; };
		3DB5F6711A4A18E000C760E6 /* gameover.wav in Resources */ = {isa = PBXBuildFile; fileRef = 3DB5F6671A4A18E000C760E6 /* gameover.wav */; };
		3DB5F6721A4A18E000C760E6 /* itemequip.wav in Resources */ = {isa = PBXBuildFile; fileRef = 3DB5F6681A4A18E000C760E6 /* itemequip.wav */; };
		3DB5F6731A4A18E000C760E6 /* itemopen.wav in Resources */ = {isa = PBXBuildFile; fileRef = 3DB5F6691A4A18E000C760E6 /* itemopen.wav */; };
		3DB5F6741A4A18E000C760E6 /* itemused.wav in Resources */ = {isa = PBXBuildFile; fileRef = 3DB5F66A1A4A18E000C760E6 /* itemused.wav */; };
		3DB5F6761A4A196D00C760E6 /* AudioPlayer.swift in Sources */ = {isa = PBXBuildFile; fileRef = 3DB5F6751A4A196D00C760E6 /* AudioPlayer.swift */; };
		3DB5F6781A4A20A500C760E6 /* ContactsViewController.swift in Sources */ = {isa = PBXBuildFile; fileRef = 3DB5F6771A4A20A500C760E6 /* ContactsViewController.swift */; };
		3DB5F67A1A4A216800C760E6 /* Peer.swift in Sources */ = {isa = PBXBuildFile; fileRef = 3DB5F6791A4A216800C760E6 /* Peer.swift */; };
		3DB5F67D1A4A221300C760E6 /* SocivyChatAPI.swift in Sources */ = {isa = PBXBuildFile; fileRef = 3DB5F67C1A4A221300C760E6 /* SocivyChatAPI.swift */; };
		3DD6673819F67D1B009896FB /* IETTViewController.swift in Sources */ = {isa = PBXBuildFile; fileRef = 3DD6673719F67D1B009896FB /* IETTViewController.swift */; };
		3DDCD4B619F40A4100FCF704 /* AccountSettingsController.swift in Sources */ = {isa = PBXBuildFile; fileRef = 3DDCD4B519F40A4100FCF704 /* AccountSettingsController.swift */; };
		3DDCD4B819F40E7D00FCF704 /* SettingCell.swift in Sources */ = {isa = PBXBuildFile; fileRef = 3DDCD4B719F40E7D00FCF704 /* SettingCell.swift */; };
		3DDCD4BA19F42F8200FCF704 /* SocivySettingsAPI.swift in Sources */ = {isa = PBXBuildFile; fileRef = 3DDCD4B919F42F8200FCF704 /* SocivySettingsAPI.swift */; };
		3DEC58891A47828700168B83 /* StreamLibrary.swift in Sources */ = {isa = PBXBuildFile; fileRef = 3DEC58881A47828700168B83 /* StreamLibrary.swift */; };
		3DEC588C1A4782B100168B83 /* LowLevelLayer.swift in Sources */ = {isa = PBXBuildFile; fileRef = 3DEC588B1A4782B100168B83 /* LowLevelLayer.swift */; };
		3DEC58901A47A9F900168B83 /* RoomsViewController.swift in Sources */ = {isa = PBXBuildFile; fileRef = 3DEC588F1A47A9F900168B83 /* RoomsViewController.swift */; };
		3DF07E3E1A3B7CE6003EA5F2 /* SocivyUserAPI.swift in Sources */ = {isa = PBXBuildFile; fileRef = 3DF07E3D1A3B7CE6003EA5F2 /* SocivyUserAPI.swift */; };
		3DF07E431A3B89E4003EA5F2 /* SocivyNLibrary.swift in Sources */ = {isa = PBXBuildFile; fileRef = 3DF07E421A3B89E4003EA5F2 /* SocivyNLibrary.swift */; };
		3DFD3CA719EA9390008C6B73 /* Main.storyboard in Resources */ = {isa = PBXBuildFile; fileRef = 3DFD3CA519EA9390008C6B73 /* Main.storyboard */; };
		3DFD3CA919EA9390008C6B73 /* Images.xcassets in Resources */ = {isa = PBXBuildFile; fileRef = 3DFD3CA819EA9390008C6B73 /* Images.xcassets */; };
		3DFD3CAC19EA9390008C6B73 /* LaunchScreen.xib in Resources */ = {isa = PBXBuildFile; fileRef = 3DFD3CAA19EA9390008C6B73 /* LaunchScreen.xib */; };
		3DFD3CC219EA93A7008C6B73 /* MapKit.framework in Frameworks */ = {isa = PBXBuildFile; fileRef = 3DFD3CC119EA93A7008C6B73 /* MapKit.framework */; };
		3DFD3CC419EA93E4008C6B73 /* fontawesome-webfont.ttf in Resources */ = {isa = PBXBuildFile; fileRef = 3DFD3CC319EA93E4008C6B73 /* fontawesome-webfont.ttf */; };
		3DFD3D3019EA9554008C6B73 /* AddRouteSecondViewController.swift in Sources */ = {isa = PBXBuildFile; fileRef = 3DFD3D1419EA9554008C6B73 /* AddRouteSecondViewController.swift */; };
		3DFD3D3119EA9554008C6B73 /* JSON.swift in Sources */ = {isa = PBXBuildFile; fileRef = 3DFD3D1519EA9554008C6B73 /* JSON.swift */; };
		3DFD3D3219EA9554008C6B73 /* AppDelegate.swift in Sources */ = {isa = PBXBuildFile; fileRef = 3DFD3D1619EA9554008C6B73 /* AppDelegate.swift */; };
		3DFD3D3419EA9554008C6B73 /* DatePickerCell.swift in Sources */ = {isa = PBXBuildFile; fileRef = 3DFD3D1819EA9554008C6B73 /* DatePickerCell.swift */; };
		3DFD3D3619EA9554008C6B73 /* LoginViewController.swift in Sources */ = {isa = PBXBuildFile; fileRef = 3DFD3D1A19EA9554008C6B73 /* LoginViewController.swift */; };
		3DFD3D3719EA9554008C6B73 /* MainTabBarController.swift in Sources */ = {isa = PBXBuildFile; fileRef = 3DFD3D1B19EA9554008C6B73 /* MainTabBarController.swift */; };
		3DFD3D3819EA9554008C6B73 /* MapCell.swift in Sources */ = {isa = PBXBuildFile; fileRef = 3DFD3D1C19EA9554008C6B73 /* MapCell.swift */; };
		3DFD3D3A19EA9554008C6B73 /* AddRouteViewController.swift in Sources */ = {isa = PBXBuildFile; fileRef = 3DFD3D1E19EA9554008C6B73 /* AddRouteViewController.swift */; };
		3DFD3D3B19EA9554008C6B73 /* RoutesViewController.swift in Sources */ = {isa = PBXBuildFile; fileRef = 3DFD3D1F19EA9554008C6B73 /* RoutesViewController.swift */; };
		3DFD3D3C19EA9554008C6B73 /* SettingsViewController.swift in Sources */ = {isa = PBXBuildFile; fileRef = 3DFD3D2019EA9554008C6B73 /* SettingsViewController.swift */; };
		3DFD3D3D19EA9554008C6B73 /* TextFieldCell.swift in Sources */ = {isa = PBXBuildFile; fileRef = 3DFD3D2119EA9554008C6B73 /* TextFieldCell.swift */; };
		3DFD3D4019EA9554008C6B73 /* SocivyDatePickerCell.swift in Sources */ = {isa = PBXBuildFile; fileRef = 3DFD3D2419EA9554008C6B73 /* SocivyDatePickerCell.swift */; };
		3DFD3D4319EA9554008C6B73 /* SocivyAPI.swift in Sources */ = {isa = PBXBuildFile; fileRef = 3DFD3D2719EA9554008C6B73 /* SocivyAPI.swift */; };
		3DFD3D4419EA9554008C6B73 /* PickerCell.swift in Sources */ = {isa = PBXBuildFile; fileRef = 3DFD3D2819EA9554008C6B73 /* PickerCell.swift */; };
		3DFD3D4619EA9554008C6B73 /* RouteCell.swift in Sources */ = {isa = PBXBuildFile; fileRef = 3DFD3D2A19EA9554008C6B73 /* RouteCell.swift */; };
		3DFD3D4819EA9554008C6B73 /* Route.swift in Sources */ = {isa = PBXBuildFile; fileRef = 3DFD3D2C19EA9554008C6B73 /* Route.swift */; };
		3DFD3D4A19EA9554008C6B73 /* SignupViewController.swift in Sources */ = {isa = PBXBuildFile; fileRef = 3DFD3D2E19EA9554008C6B73 /* SignupViewController.swift */; };
		3DFD3D5019EA9580008C6B73 /* SegmentedControlCell.swift in Sources */ = {isa = PBXBuildFile; fileRef = 3DFD3D4D19EA9580008C6B73 /* SegmentedControlCell.swift */; };
/* End PBXBuildFile section */

/* Begin PBXFileReference section */
		3D0AFDA419F5CA1600439514 /* WebViewController.swift */ = {isa = PBXFileReference; fileEncoding = 4; lastKnownFileType = sourcecode.swift; path = WebViewController.swift; sourceTree = "<group>"; };
		3D159F6E19EDC7BE003B61AB /* DetailViewController.swift */ = {isa = PBXFileReference; fileEncoding = 4; lastKnownFileType = sourcecode.swift; path = DetailViewController.swift; sourceTree = "<group>"; };
		3D1E540A1A389F170031EB71 /* Logger.swift */ = {isa = PBXFileReference; fileEncoding = 4; lastKnownFileType = sourcecode.swift; path = Logger.swift; sourceTree = "<group>"; };
		3D1E540C1A38A02E0031EB71 /* NetworkLibrary.swift */ = {isa = PBXFileReference; fileEncoding = 4; lastKnownFileType = sourcecode.swift; path = NetworkLibrary.swift; sourceTree = "<group>"; };
		3D1E540E1A38BD2E0031EB71 /* User.swift */ = {isa = PBXFileReference; fileEncoding = 4; lastKnownFileType = sourcecode.swift; path = User.swift; sourceTree = "<group>"; };
		3D1E54111A38BD970031EB71 /* Stop.swift */ = {isa = PBXFileReference; fileEncoding = 4; lastKnownFileType = sourcecode.swift; path = Stop.swift; sourceTree = "<group>"; };
		3D31F58A19EC500B0066A033 /* LeaveViewController.swift */ = {isa = PBXFileReference; fileEncoding = 4; lastKnownFileType = sourcecode.swift; path = LeaveViewController.swift; sourceTree = "<group>"; };
		3D32417D1A3B6C9900E795DE /* SocivyRouteAPI.swift */ = {isa = PBXFileReference; fileEncoding = 4; lastKnownFileType = sourcecode.swift; path = SocivyRouteAPI.swift; sourceTree = "<group>"; };
		3D3E7E1C19F577CB005D1BA7 /* SocivyErrorHandler.swift */ = {isa = PBXFileReference; fileEncoding = 4; lastKnownFileType = sourcecode.swift; path = SocivyErrorHandler.swift; sourceTree = "<group>"; };
		3D82E0D619EB00B200A22CA1 /* JoinViewController.swift */ = {isa = PBXFileReference; fileEncoding = 4; lastKnownFileType = sourcecode.swift; path = JoinViewController.swift; sourceTree = "<group>"; };
		3D9AA1501A0A5CB900B043B1 /* MeViewController.swift */ = {isa = PBXFileReference; fileEncoding = 4; lastKnownFileType = sourcecode.swift; path = MeViewController.swift; sourceTree = "<group>"; };
		3DB185561A3BC3A800E24F30 /* SocivyToolAPI.swift */ = {isa = PBXFileReference; fileEncoding = 4; lastKnownFileType = sourcecode.swift; path = SocivyToolAPI.swift; sourceTree = "<group>"; };
		3DB185581A3BC69A00E24F30 /* Bus.swift */ = {isa = PBXFileReference; fileEncoding = 4; lastKnownFileType = sourcecode.swift; path = Bus.swift; sourceTree = "<group>"; };
		3DB5F6501A49C7B100C760E6 /* ChatCommunicator.swift */ = {isa = PBXFileReference; fileEncoding = 4; lastKnownFileType = sourcecode.swift; path = ChatCommunicator.swift; sourceTree = "<group>"; };
		3DB5F6531A49C97400C760E6 /* Room.swift */ = {isa = PBXFileReference; fileEncoding = 4; lastKnownFileType = sourcecode.swift; path = Room.swift; sourceTree = "<group>"; };
		3DB5F6561A49C9B500C760E6 /* Message.swift */ = {isa = PBXFileReference; fileEncoding = 4; lastKnownFileType = sourcecode.swift; path = Message.swift; sourceTree = "<group>"; };
		3DB5F6581A4A123B00C760E6 /* AudioToolbox.framework */ = {isa = PBXFileReference; lastKnownFileType = wrapper.framework; name = AudioToolbox.framework; path = System/Library/Frameworks/AudioToolbox.framework; sourceTree = SDKROOT; };
		3DB5F65D1A4A154200C760E6 /* AVFoundation.framework */ = {isa = PBXFileReference; lastKnownFileType = wrapper.framework; name = AVFoundation.framework; path = System/Library/Frameworks/AVFoundation.framework; sourceTree = SDKROOT; };
		3DB5F65F1A4A176700C760E6 /* mgs.mp3 */ = {isa = PBXFileReference; lastKnownFileType = audio.mp3; path = mgs.mp3; sourceTree = "<group>"; };
		3DB5F6611A4A18E000C760E6 /* codeccall.wav */ = {isa = PBXFileReference; lastKnownFileType = audio.wav; path = codeccall.wav; sourceTree = "<group>"; };
		3DB5F6621A4A18E000C760E6 /* codecopen.wav */ = {isa = PBXFileReference; lastKnownFileType = audio.wav; path = codecopen.wav; sourceTree = "<group>"; };
		3DB5F6631A4A18E000C760E6 /* codecover.wav */ = {isa = PBXFileReference; lastKnownFileType = audio.wav; path = codecover.wav; sourceTree = "<group>"; };
		3DB5F6641A4A18E000C760E6 /* doorbuzz.wav */ = {isa = PBXFileReference; lastKnownFileType = audio.wav; path = doorbuzz.wav; sourceTree = "<group>"; };
		3DB5F6651A4A18E000C760E6 /* exit.wav */ = {isa = PBXFileReference; lastKnownFileType = audio.wav; path = exit.wav; sourceTree = "<group>"; };
		3DB5F6661A4A18E000C760E6 /* found.wav */ = {isa = PBXFileReference; lastKnownFileType = audio.wav; path = found.wav; sourceTree = "<group>"; };
		3DB5F6671A4A18E000C760E6 /* gameover.wav */ = {isa = PBXFileReference; lastKnownFileType = audio.wav; path = gameover.wav; sourceTree = "<group>"; };
		3DB5F6681A4A18E000C760E6 /* itemequip.wav */ = {isa = PBXFileReference; lastKnownFileType = audio.wav; path = itemequip.wav; sourceTree = "<group>"; };
		3DB5F6691A4A18E000C760E6 /* itemopen.wav */ = {isa = PBXFileReference; lastKnownFileType = audio.wav; path = itemopen.wav; sourceTree = "<group>"; };
		3DB5F66A1A4A18E000C760E6 /* itemused.wav */ = {isa = PBXFileReference; lastKnownFileType = audio.wav; path = itemused.wav; sourceTree = "<group>"; };
		3DB5F6751A4A196D00C760E6 /* AudioPlayer.swift */ = {isa = PBXFileReference; fileEncoding = 4; lastKnownFileType = sourcecode.swift; path = AudioPlayer.swift; sourceTree = "<group>"; };
		3DB5F6771A4A20A500C760E6 /* ContactsViewController.swift */ = {isa = PBXFileReference; fileEncoding = 4; lastKnownFileType = sourcecode.swift; path = ContactsViewController.swift; sourceTree = "<group>"; };
		3DB5F6791A4A216800C760E6 /* Peer.swift */ = {isa = PBXFileReference; fileEncoding = 4; lastKnownFileType = sourcecode.swift; path = Peer.swift; sourceTree = "<group>"; };
		3DB5F67C1A4A221300C760E6 /* SocivyChatAPI.swift */ = {isa = PBXFileReference; fileEncoding = 4; lastKnownFileType = sourcecode.swift; path = SocivyChatAPI.swift; sourceTree = "<group>"; };
		3DD6673719F67D1B009896FB /* IETTViewController.swift */ = {isa = PBXFileReference; fileEncoding = 4; lastKnownFileType = sourcecode.swift; path = IETTViewController.swift; sourceTree = "<group>"; };
		3DDCD4B519F40A4100FCF704 /* AccountSettingsController.swift */ = {isa = PBXFileReference; fileEncoding = 4; lastKnownFileType = sourcecode.swift; path = AccountSettingsController.swift; sourceTree = "<group>"; };
		3DDCD4B719F40E7D00FCF704 /* SettingCell.swift */ = {isa = PBXFileReference; fileEncoding = 4; lastKnownFileType = sourcecode.swift; path = SettingCell.swift; sourceTree = "<group>"; };
		3DDCD4B919F42F8200FCF704 /* SocivySettingsAPI.swift */ = {isa = PBXFileReference; fileEncoding = 4; lastKnownFileType = sourcecode.swift; path = SocivySettingsAPI.swift; sourceTree = "<group>"; };
		3DEC58881A47828700168B83 /* StreamLibrary.swift */ = {isa = PBXFileReference; fileEncoding = 4; lastKnownFileType = sourcecode.swift; path = StreamLibrary.swift; sourceTree = "<group>"; };
		3DEC588B1A4782B100168B83 /* LowLevelLayer.swift */ = {isa = PBXFileReference; fileEncoding = 4; lastKnownFileType = sourcecode.swift; path = LowLevelLayer.swift; sourceTree = "<group>"; };
		3DEC588F1A47A9F900168B83 /* RoomsViewController.swift */ = {isa = PBXFileReference; fileEncoding = 4; lastKnownFileType = sourcecode.swift; path = RoomsViewController.swift; sourceTree = "<group>"; };
		3DF07E3D1A3B7CE6003EA5F2 /* SocivyUserAPI.swift */ = {isa = PBXFileReference; fileEncoding = 4; lastKnownFileType = sourcecode.swift; path = SocivyUserAPI.swift; sourceTree = "<group>"; };
		3DF07E421A3B89E4003EA5F2 /* SocivyNLibrary.swift */ = {isa = PBXFileReference; fileEncoding = 4; lastKnownFileType = sourcecode.swift; path = SocivyNLibrary.swift; sourceTree = "<group>"; };
		3DFD3C9C19EA9390008C6B73 /* Socivy.app */ = {isa = PBXFileReference; explicitFileType = wrapper.application; includeInIndex = 0; path = Socivy.app; sourceTree = BUILT_PRODUCTS_DIR; };
		3DFD3CA019EA9390008C6B73 /* Info.plist */ = {isa = PBXFileReference; lastKnownFileType = text.plist.xml; path = Info.plist; sourceTree = "<group>"; };
		3DFD3CA619EA9390008C6B73 /* Base */ = {isa = PBXFileReference; lastKnownFileType = file.storyboard; name = Base; path = Base.lproj/Main.storyboard; sourceTree = "<group>"; };
		3DFD3CA819EA9390008C6B73 /* Images.xcassets */ = {isa = PBXFileReference; lastKnownFileType = folder.assetcatalog; path = Images.xcassets; sourceTree = "<group>"; };
		3DFD3CAB19EA9390008C6B73 /* Base */ = {isa = PBXFileReference; lastKnownFileType = file.xib; name = Base; path = Base.lproj/LaunchScreen.xib; sourceTree = "<group>"; };
		3DFD3CB619EA9390008C6B73 /* Info.plist */ = {isa = PBXFileReference; lastKnownFileType = text.plist.xml; path = Info.plist; sourceTree = "<group>"; };
		3DFD3CB719EA9390008C6B73 /* SocivyTests.swift */ = {isa = PBXFileReference; lastKnownFileType = sourcecode.swift; path = SocivyTests.swift; sourceTree = "<group>"; };
		3DFD3CC119EA93A7008C6B73 /* MapKit.framework */ = {isa = PBXFileReference; lastKnownFileType = wrapper.framework; name = MapKit.framework; path = System/Library/Frameworks/MapKit.framework; sourceTree = SDKROOT; };
		3DFD3CC319EA93E4008C6B73 /* fontawesome-webfont.ttf */ = {isa = PBXFileReference; lastKnownFileType = file; path = "fontawesome-webfont.ttf"; sourceTree = "<group>"; };
		3DFD3D1319EA9554008C6B73 /* Socivy-Bridging-Header.h */ = {isa = PBXFileReference; lastKnownFileType = sourcecode.c.h; path = "Socivy-Bridging-Header.h"; sourceTree = "<group>"; };
		3DFD3D1419EA9554008C6B73 /* AddRouteSecondViewController.swift */ = {isa = PBXFileReference; fileEncoding = 4; lastKnownFileType = sourcecode.swift; path = AddRouteSecondViewController.swift; sourceTree = "<group>"; };
		3DFD3D1519EA9554008C6B73 /* JSON.swift */ = {isa = PBXFileReference; fileEncoding = 4; lastKnownFileType = sourcecode.swift; path = JSON.swift; sourceTree = "<group>"; };
		3DFD3D1619EA9554008C6B73 /* AppDelegate.swift */ = {isa = PBXFileReference; fileEncoding = 4; lastKnownFileType = sourcecode.swift; path = AppDelegate.swift; sourceTree = "<group>"; };
		3DFD3D1819EA9554008C6B73 /* DatePickerCell.swift */ = {isa = PBXFileReference; fileEncoding = 4; lastKnownFileType = sourcecode.swift; path = DatePickerCell.swift; sourceTree = "<group>"; };
		3DFD3D1A19EA9554008C6B73 /* LoginViewController.swift */ = {isa = PBXFileReference; fileEncoding = 4; lastKnownFileType = sourcecode.swift; path = LoginViewController.swift; sourceTree = "<group>"; };
		3DFD3D1B19EA9554008C6B73 /* MainTabBarController.swift */ = {isa = PBXFileReference; fileEncoding = 4; lastKnownFileType = sourcecode.swift; path = MainTabBarController.swift; sourceTree = "<group>"; };
		3DFD3D1C19EA9554008C6B73 /* MapCell.swift */ = {isa = PBXFileReference; fileEncoding = 4; lastKnownFileType = sourcecode.swift; path = MapCell.swift; sourceTree = "<group>"; };
		3DFD3D1E19EA9554008C6B73 /* AddRouteViewController.swift */ = {isa = PBXFileReference; fileEncoding = 4; lastKnownFileType = sourcecode.swift; path = AddRouteViewController.swift; sourceTree = "<group>"; };
		3DFD3D1F19EA9554008C6B73 /* RoutesViewController.swift */ = {isa = PBXFileReference; fileEncoding = 4; lastKnownFileType = sourcecode.swift; path = RoutesViewController.swift; sourceTree = "<group>"; };
		3DFD3D2019EA9554008C6B73 /* SettingsViewController.swift */ = {isa = PBXFileReference; fileEncoding = 4; lastKnownFileType = sourcecode.swift; path = SettingsViewController.swift; sourceTree = "<group>"; };
		3DFD3D2119EA9554008C6B73 /* TextFieldCell.swift */ = {isa = PBXFileReference; fileEncoding = 4; lastKnownFileType = sourcecode.swift; path = TextFieldCell.swift; sourceTree = "<group>"; };
		3DFD3D2419EA9554008C6B73 /* SocivyDatePickerCell.swift */ = {isa = PBXFileReference; fileEncoding = 4; lastKnownFileType = sourcecode.swift; path = SocivyDatePickerCell.swift; sourceTree = "<group>"; };
		3DFD3D2719EA9554008C6B73 /* SocivyAPI.swift */ = {isa = PBXFileReference; fileEncoding = 4; lastKnownFileType = sourcecode.swift; path = SocivyAPI.swift; sourceTree = "<group>"; };
		3DFD3D2819EA9554008C6B73 /* PickerCell.swift */ = {isa = PBXFileReference; fileEncoding = 4; lastKnownFileType = sourcecode.swift; path = PickerCell.swift; sourceTree = "<group>"; };
		3DFD3D2A19EA9554008C6B73 /* RouteCell.swift */ = {isa = PBXFileReference; fileEncoding = 4; lastKnownFileType = sourcecode.swift; path = RouteCell.swift; sourceTree = "<group>"; };
		3DFD3D2C19EA9554008C6B73 /* Route.swift */ = {isa = PBXFileReference; fileEncoding = 4; lastKnownFileType = sourcecode.swift; path = Route.swift; sourceTree = "<group>"; };
		3DFD3D2E19EA9554008C6B73 /* SignupViewController.swift */ = {isa = PBXFileReference; fileEncoding = 4; lastKnownFileType = sourcecode.swift; path = SignupViewController.swift; sourceTree = "<group>"; };
		3DFD3D4D19EA9580008C6B73 /* SegmentedControlCell.swift */ = {isa = PBXFileReference; fileEncoding = 4; lastKnownFileType = sourcecode.swift; path = SegmentedControlCell.swift; sourceTree = "<group>"; };
/* End PBXFileReference section */

/* Begin PBXFrameworksBuildPhase section */
		3DFD3C9919EA9390008C6B73 /* Frameworks */ = {
			isa = PBXFrameworksBuildPhase;
			buildActionMask = 2147483647;
			files = (
				3DB5F65E1A4A154200C760E6 /* AVFoundation.framework in Frameworks */,
				3DB5F6591A4A123B00C760E6 /* AudioToolbox.framework in Frameworks */,
				3DFD3CC219EA93A7008C6B73 /* MapKit.framework in Frameworks */,
			);
			runOnlyForDeploymentPostprocessing = 0;
		};
/* End PBXFrameworksBuildPhase section */

/* Begin PBXGroup section */
		3D1E54101A38BD840031EB71 /* Models */ = {
			isa = PBXGroup;
			children = (
				3DB5F6521A49C96200C760E6 /* Core */,
				3DB5F6551A49C97C00C760E6 /* Chat */,
			);
			name = Models;
			sourceTree = "<group>";
		};
		3D82E0CF19EAAC3300A22CA1 /* CustomCells */ = {
			isa = PBXGroup;
			children = (
				3DFD3D4D19EA9580008C6B73 /* SegmentedControlCell.swift */,
				3DFD3D1819EA9554008C6B73 /* DatePickerCell.swift */,
				3DFD3D1C19EA9554008C6B73 /* MapCell.swift */,
				3DFD3D2119EA9554008C6B73 /* TextFieldCell.swift */,
				3DFD3D2419EA9554008C6B73 /* SocivyDatePickerCell.swift */,
				3DFD3D2819EA9554008C6B73 /* PickerCell.swift */,
				3DFD3D2A19EA9554008C6B73 /* RouteCell.swift */,
				3DDCD4B719F40E7D00FCF704 /* SettingCell.swift */,
			);
			name = CustomCells;
			sourceTree = "<group>";
		};
		3D82E0D019EAACC400A22CA1 /* API */ = {
			isa = PBXGroup;
			children = (
				3D82E0D519EAADDF00A22CA1 /* Essentials */,
				3DB5F67C1A4A221300C760E6 /* SocivyChatAPI.swift */,
				3DFD3D2719EA9554008C6B73 /* SocivyAPI.swift */,
				3DF07E3D1A3B7CE6003EA5F2 /* SocivyUserAPI.swift */,
				3D32417D1A3B6C9900E795DE /* SocivyRouteAPI.swift */,
				3DDCD4B919F42F8200FCF704 /* SocivySettingsAPI.swift */,
				3DB185561A3BC3A800E24F30 /* SocivyToolAPI.swift */,
			);
			name = API;
			sourceTree = "<group>";
		};
		3D82E0D219EAAD4900A22CA1 /* Before Login VC */ = {
			isa = PBXGroup;
			children = (
				3DFD3D1A19EA9554008C6B73 /* LoginViewController.swift */,
				3DFD3D2E19EA9554008C6B73 /* SignupViewController.swift */,
			);
			name = "Before Login VC";
			sourceTree = "<group>";
		};
		3D82E0D319EAAD6D00A22CA1 /* Settings Tab */ = {
			isa = PBXGroup;
			children = (
				3DFD3D2019EA9554008C6B73 /* SettingsViewController.swift */,
				3DDCD4B519F40A4100FCF704 /* AccountSettingsController.swift */,
			);
			name = "Settings Tab";
			sourceTree = "<group>";
		};
		3D82E0D519EAADDF00A22CA1 /* Essentials */ = {
			isa = PBXGroup;
			children = (
				3D1E540A1A389F170031EB71 /* Logger.swift */,
				3DFD3D1519EA9554008C6B73 /* JSON.swift */,
				3DEC588A1A47828E00168B83 /* Network Essentials */,
				3DF07E421A3B89E4003EA5F2 /* SocivyNLibrary.swift */,
				3D3E7E1C19F577CB005D1BA7 /* SocivyErrorHandler.swift */,
				3D1E54101A38BD840031EB71 /* Models */,
			);
			name = Essentials;
			sourceTree = "<group>";
		};
		3DB20B3119F2E39D0077BE96 /* AddRoute */ = {
			isa = PBXGroup;
			children = (
				3DFD3D1E19EA9554008C6B73 /* AddRouteViewController.swift */,
				3DFD3D1419EA9554008C6B73 /* AddRouteSecondViewController.swift */,
			);
			name = AddRoute;
			sourceTree = "<group>";
		};
		3DB20B3219F2E3AE0077BE96 /* Routes Tab */ = {
			isa = PBXGroup;
			children = (
				3DB20B3119F2E39D0077BE96 /* AddRoute */,
				3DD6673719F67D1B009896FB /* IETTViewController.swift */,
				3D82E0D619EB00B200A22CA1 /* JoinViewController.swift */,
				3DFD3D1F19EA9554008C6B73 /* RoutesViewController.swift */,
			);
			name = "Routes Tab";
			sourceTree = "<group>";
		};
		3DB5F6521A49C96200C760E6 /* Core */ = {
			isa = PBXGroup;
			children = (
				3DFD3D2C19EA9554008C6B73 /* Route.swift */,
				3D1E540E1A38BD2E0031EB71 /* User.swift */,
				3D1E54111A38BD970031EB71 /* Stop.swift */,
				3DB185581A3BC69A00E24F30 /* Bus.swift */,
			);
			name = Core;
			sourceTree = "<group>";
		};
		3DB5F6551A49C97C00C760E6 /* Chat */ = {
			isa = PBXGroup;
			children = (
				3DB5F6531A49C97400C760E6 /* Room.swift */,
				3DB5F6561A49C9B500C760E6 /* Message.swift */,
				3DB5F6791A4A216800C760E6 /* Peer.swift */,
			);
			name = Chat;
			sourceTree = "<group>";
		};
		3DB5F65A1A4A125B00C760E6 /* Frameworks */ = {
			isa = PBXGroup;
			children = (
				3DB5F65D1A4A154200C760E6 /* AVFoundation.framework */,
				3DB5F6581A4A123B00C760E6 /* AudioToolbox.framework */,
				3DFD3CC119EA93A7008C6B73 /* MapKit.framework */,
			);
			name = Frameworks;
			sourceTree = "<group>";
		};
		3DEC588A1A47828E00168B83 /* Network Essentials */ = {
			isa = PBXGroup;
			children = (
				3DEC588D1A4782BD00168B83 /* HTTP */,
				3DEC588E1A4782C400168B83 /* Stream */,
			);
			name = "Network Essentials";
			sourceTree = "<group>";
		};
		3DEC588D1A4782BD00168B83 /* HTTP */ = {
			isa = PBXGroup;
			children = (
				3D1E540C1A38A02E0031EB71 /* NetworkLibrary.swift */,
				3DEC588B1A4782B100168B83 /* LowLevelLayer.swift */,
			);
			name = HTTP;
			sourceTree = "<group>";
		};
		3DEC588E1A4782C400168B83 /* Stream */ = {
			isa = PBXGroup;
			children = (
				3DB5F6751A4A196D00C760E6 /* AudioPlayer.swift */,
				3DEC58881A47828700168B83 /* StreamLibrary.swift */,
				3DB5F6501A49C7B100C760E6 /* ChatCommunicator.swift */,
			);
			name = Stream;
			sourceTree = "<group>";
		};
		3DEC58911A47AA0400168B83 /* Chat Tab */ = {
			isa = PBXGroup;
			children = (
				3DEC588F1A47A9F900168B83 /* RoomsViewController.swift */,
				3DB5F6771A4A20A500C760E6 /* ContactsViewController.swift */,
			);
			name = "Chat Tab";
			sourceTree = "<group>";
		};
		3DF07E411A3B8296003EA5F2 /* Me Tab */ = {
			isa = PBXGroup;
			children = (
				3D9AA1501A0A5CB900B043B1 /* MeViewController.swift */,
				3D31F58A19EC500B0066A033 /* LeaveViewController.swift */,
				3D159F6E19EDC7BE003B61AB /* DetailViewController.swift */,
			);
			name = "Me Tab";
			sourceTree = "<group>";
		};
		3DFD3C9319EA9390008C6B73 = {
			isa = PBXGroup;
			children = (
				3DFD3C9E19EA9390008C6B73 /* Socivy */,
				3DFD3CB419EA9390008C6B73 /* SocivyTests */,
				3DFD3C9D19EA9390008C6B73 /* Products */,
			);
			sourceTree = "<group>";
		};
		3DFD3C9D19EA9390008C6B73 /* Products */ = {
			isa = PBXGroup;
			children = (
				3DFD3C9C19EA9390008C6B73 /* Socivy.app */,
			);
			name = Products;
			sourceTree = "<group>";
		};
		3DFD3C9E19EA9390008C6B73 /* Socivy */ = {
			isa = PBXGroup;
			children = (
				3D82E0CF19EAAC3300A22CA1 /* CustomCells */,
				3DFD3D1619EA9554008C6B73 /* AppDelegate.swift */,
				3D0AFDA419F5CA1600439514 /* WebViewController.swift */,
				3DFD3D1B19EA9554008C6B73 /* MainTabBarController.swift */,
				3DEC58911A47AA0400168B83 /* Chat Tab */,
				3DF07E411A3B8296003EA5F2 /* Me Tab */,
				3DB20B3219F2E3AE0077BE96 /* Routes Tab */,
				3D82E0D319EAAD6D00A22CA1 /* Settings Tab */,
				3D82E0D219EAAD4900A22CA1 /* Before Login VC */,
				3D82E0D019EAACC400A22CA1 /* API */,
				3DFD3CC319EA93E4008C6B73 /* fontawesome-webfont.ttf */,
				3DFD3CA519EA9390008C6B73 /* Main.storyboard */,
				3DFD3CA819EA9390008C6B73 /* Images.xcassets */,
				3DFD3CAA19EA9390008C6B73 /* LaunchScreen.xib */,
				3DB5F65A1A4A125B00C760E6 /* Frameworks */,
				3DFD3C9F19EA9390008C6B73 /* Supporting Files */,
				3DFD3D1319EA9554008C6B73 /* Socivy-Bridging-Header.h */,
			);
			path = Socivy;
			sourceTree = "<group>";
		};
		3DFD3C9F19EA9390008C6B73 /* Supporting Files */ = {
			isa = PBXGroup;
			children = (
				3DB5F6611A4A18E000C760E6 /* codeccall.wav */,
				3DB5F6621A4A18E000C760E6 /* codecopen.wav */,
				3DB5F6631A4A18E000C760E6 /* codecover.wav */,
				3DB5F6641A4A18E000C760E6 /* doorbuzz.wav */,
				3DB5F6651A4A18E000C760E6 /* exit.wav */,
				3DB5F6661A4A18E000C760E6 /* found.wav */,
				3DB5F6671A4A18E000C760E6 /* gameover.wav */,
				3DB5F6681A4A18E000C760E6 /* itemequip.wav */,
				3DB5F6691A4A18E000C760E6 /* itemopen.wav */,
				3DB5F66A1A4A18E000C760E6 /* itemused.wav */,
				3DB5F65F1A4A176700C760E6 /* mgs.mp3 */,
				3DFD3CA019EA9390008C6B73 /* Info.plist */,
			);
			name = "Supporting Files";
			sourceTree = "<group>";
		};
		3DFD3CB419EA9390008C6B73 /* SocivyTests */ = {
			isa = PBXGroup;
			children = (
				3DFD3CB719EA9390008C6B73 /* SocivyTests.swift */,
				3DFD3CB519EA9390008C6B73 /* Supporting Files */,
			);
			path = SocivyTests;
			sourceTree = "<group>";
		};
		3DFD3CB519EA9390008C6B73 /* Supporting Files */ = {
			isa = PBXGroup;
			children = (
				3DFD3CB619EA9390008C6B73 /* Info.plist */,
			);
			name = "Supporting Files";
			sourceTree = "<group>";
		};
/* End PBXGroup section */

/* Begin PBXNativeTarget section */
		3DFD3C9B19EA9390008C6B73 /* Socivy */ = {
			isa = PBXNativeTarget;
			buildConfigurationList = 3DFD3CBB19EA9390008C6B73 /* Build configuration list for PBXNativeTarget "Socivy" */;
			buildPhases = (
				3DFD3C9819EA9390008C6B73 /* Sources */,
				3DFD3C9919EA9390008C6B73 /* Frameworks */,
				3DFD3C9A19EA9390008C6B73 /* Resources */,
			);
			buildRules = (
			);
			dependencies = (
			);
			name = Socivy;
			productName = Socivy;
			productReference = 3DFD3C9C19EA9390008C6B73 /* Socivy.app */;
			productType = "com.apple.product-type.application";
		};
/* End PBXNativeTarget section */

/* Begin PBXProject section */
		3DFD3C9419EA9390008C6B73 /* Project object */ = {
			isa = PBXProject;
			attributes = {
				LastUpgradeCheck = 0600;
				ORGANIZATIONNAME = TDG;
				TargetAttributes = {
					3DFD3C9B19EA9390008C6B73 = {
						CreatedOnToolsVersion = 6.0.1;
						DevelopmentTeam = 24V92ZVQKB;
						SystemCapabilities = {
							com.apple.BackgroundModes = {
								enabled = 1;
							};
							com.apple.Maps.iOS = {
								enabled = 1;
							};
						};
					};
				};
			};
			buildConfigurationList = 3DFD3C9719EA9390008C6B73 /* Build configuration list for PBXProject "Socivy" */;
			compatibilityVersion = "Xcode 3.2";
			developmentRegion = English;
			hasScannedForEncodings = 0;
			knownRegions = (
				en,
				Base,
			);
			mainGroup = 3DFD3C9319EA9390008C6B73;
			productRefGroup = 3DFD3C9D19EA9390008C6B73 /* Products */;
			projectDirPath = "";
			projectRoot = "";
			targets = (
				3DFD3C9B19EA9390008C6B73 /* Socivy */,
			);
		};
/* End PBXProject section */

/* Begin PBXResourcesBuildPhase section */
		3DFD3C9A19EA9390008C6B73 /* Resources */ = {
			isa = PBXResourcesBuildPhase;
			buildActionMask = 2147483647;
			files = (
				3DB5F66F1A4A18E000C760E6 /* exit.wav in Resources */,
				3DB5F6701A4A18E000C760E6 /* found.wav in Resources */,
				3DFD3CA719EA9390008C6B73 /* Main.storyboard in Resources */,
				3DFD3CC419EA93E4008C6B73 /* fontawesome-webfont.ttf in Resources */,
				3DB5F6721A4A18E000C760E6 /* itemequip.wav in Resources */,
				3DB5F6741A4A18E000C760E6 /* itemused.wav in Resources */,
				3DB5F66C1A4A18E000C760E6 /* codecopen.wav in Resources */,
				3DB5F66E1A4A18E000C760E6 /* doorbuzz.wav in Resources */,
				3DB5F6711A4A18E000C760E6 /* gameover.wav in Resources */,
				3DB5F66D1A4A18E000C760E6 /* codecover.wav in Resources */,
				3DB5F6731A4A18E000C760E6 /* itemopen.wav in Resources */,
				3DFD3CAC19EA9390008C6B73 /* LaunchScreen.xib in Resources */,
				3DFD3CA919EA9390008C6B73 /* Images.xcassets in Resources */,
				3DB5F6601A4A176700C760E6 /* mgs.mp3 in Resources */,
				3DB5F66B1A4A18E000C760E6 /* codeccall.wav in Resources */,
			);
			runOnlyForDeploymentPostprocessing = 0;
		};
/* End PBXResourcesBuildPhase section */

/* Begin PBXSourcesBuildPhase section */
		3DFD3C9819EA9390008C6B73 /* Sources */ = {
			isa = PBXSourcesBuildPhase;
			buildActionMask = 2147483647;
			files = (
				3DF07E3E1A3B7CE6003EA5F2 /* SocivyUserAPI.swift in Sources */,
				3DB5F67D1A4A221300C760E6 /* SocivyChatAPI.swift in Sources */,
				3D1E540F1A38BD2E0031EB71 /* User.swift in Sources */,
				3DB5F6541A49C97400C760E6 /* Room.swift in Sources */,
				3DFD3D4A19EA9554008C6B73 /* SignupViewController.swift in Sources */,
				3DFD3D5019EA9580008C6B73 /* SegmentedControlCell.swift in Sources */,
				3D1E540B1A389F170031EB71 /* Logger.swift in Sources */,
				3DFD3D3619EA9554008C6B73 /* LoginViewController.swift in Sources */,
				3DEC588C1A4782B100168B83 /* LowLevelLayer.swift in Sources */,
				3DFD3D4619EA9554008C6B73 /* RouteCell.swift in Sources */,
				3DB185591A3BC69A00E24F30 /* Bus.swift in Sources */,
				3DB5F6571A49C9B500C760E6 /* Message.swift in Sources */,
				3DF07E431A3B89E4003EA5F2 /* SocivyNLibrary.swift in Sources */,
				3D1E54121A38BD970031EB71 /* Stop.swift in Sources */,
				3DFD3D3A19EA9554008C6B73 /* AddRouteViewController.swift in Sources */,
				3DB5F6781A4A20A500C760E6 /* ContactsViewController.swift in Sources */,
				3DFD3D4419EA9554008C6B73 /* PickerCell.swift in Sources */,
				3D159F6F19EDC7BE003B61AB /* DetailViewController.swift in Sources */,
				3D1E540D1A38A02E0031EB71 /* NetworkLibrary.swift in Sources */,
				3DFD3D3819EA9554008C6B73 /* MapCell.swift in Sources */,
				3DB185571A3BC3A800E24F30 /* SocivyToolAPI.swift in Sources */,
				3DFD3D3719EA9554008C6B73 /* MainTabBarController.swift in Sources */,
				3DEC58891A47828700168B83 /* StreamLibrary.swift in Sources */,
				3DFD3D4019EA9554008C6B73 /* SocivyDatePickerCell.swift in Sources */,
				3D9AA1511A0A5CB900B043B1 /* MeViewController.swift in Sources */,
				3DFD3D3D19EA9554008C6B73 /* TextFieldCell.swift in Sources */,
				3D82E0D719EB00B200A22CA1 /* JoinViewController.swift in Sources */,
				3DFD3D4319EA9554008C6B73 /* SocivyAPI.swift in Sources */,
				3D0AFDA519F5CA1600439514 /* WebViewController.swift in Sources */,
				3DDCD4B819F40E7D00FCF704 /* SettingCell.swift in Sources */,
				3DD6673819F67D1B009896FB /* IETTViewController.swift in Sources */,
				3DB5F6511A49C7B100C760E6 /* ChatCommunicator.swift in Sources */,
				3DEC58901A47A9F900168B83 /* RoomsViewController.swift in Sources */,
				3DFD3D3219EA9554008C6B73 /* AppDelegate.swift in Sources */,
				3DDCD4B619F40A4100FCF704 /* AccountSettingsController.swift in Sources */,
				3DFD3D3119EA9554008C6B73 /* JSON.swift in Sources */,
				3DFD3D3019EA9554008C6B73 /* AddRouteSecondViewController.swift in Sources */,
				3DB5F6761A4A196D00C760E6 /* AudioPlayer.swift in Sources */,
				3D32417E1A3B6C9900E795DE /* SocivyRouteAPI.swift in Sources */,
				3DFD3D3C19EA9554008C6B73 /* SettingsViewController.swift in Sources */,
				3DFD3D3B19EA9554008C6B73 /* RoutesViewController.swift in Sources */,
				3DFD3D4819EA9554008C6B73 /* Route.swift in Sources */,
				3DFD3D3419EA9554008C6B73 /* DatePickerCell.swift in Sources */,
				3DDCD4BA19F42F8200FCF704 /* SocivySettingsAPI.swift in Sources */,
				3DB5F67A1A4A216800C760E6 /* Peer.swift in Sources */,
				3D3E7E1D19F577CB005D1BA7 /* SocivyErrorHandler.swift in Sources */,
				3D31F58B19EC500B0066A033 /* LeaveViewController.swift in Sources */,
			);
			runOnlyForDeploymentPostprocessing = 0;
		};
/* End PBXSourcesBuildPhase section */

/* Begin PBXVariantGroup section */
		3DFD3CA519EA9390008C6B73 /* Main.storyboard */ = {
			isa = PBXVariantGroup;
			children = (
				3DFD3CA619EA9390008C6B73 /* Base */,
			);
			name = Main.storyboard;
			sourceTree = "<group>";
		};
		3DFD3CAA19EA9390008C6B73 /* LaunchScreen.xib */ = {
			isa = PBXVariantGroup;
			children = (
				3DFD3CAB19EA9390008C6B73 /* Base */,
			);
			name = LaunchScreen.xib;
			sourceTree = "<group>";
		};
/* End PBXVariantGroup section */

/* Begin XCBuildConfiguration section */
		3DFD3CB919EA9390008C6B73 /* Debug */ = {
			isa = XCBuildConfiguration;
			buildSettings = {
				ALWAYS_SEARCH_USER_PATHS = NO;
				CLANG_CXX_LANGUAGE_STANDARD = "gnu++0x";
				CLANG_CXX_LIBRARY = "libc++";
				CLANG_ENABLE_MODULES = YES;
				CLANG_ENABLE_OBJC_ARC = YES;
				CLANG_WARN_BOOL_CONVERSION = YES;
				CLANG_WARN_CONSTANT_CONVERSION = YES;
				CLANG_WARN_DIRECT_OBJC_ISA_USAGE = YES_ERROR;
				CLANG_WARN_EMPTY_BODY = YES;
				CLANG_WARN_ENUM_CONVERSION = YES;
				CLANG_WARN_INT_CONVERSION = YES;
				CLANG_WARN_OBJC_ROOT_CLASS = YES_ERROR;
				CLANG_WARN_UNREACHABLE_CODE = YES;
				CLANG_WARN__DUPLICATE_METHOD_MATCH = YES;
				"CODE_SIGN_IDENTITY[sdk=iphoneos*]" = "iPhone Developer";
				COPY_PHASE_STRIP = NO;
				ENABLE_STRICT_OBJC_MSGSEND = YES;
				GCC_C_LANGUAGE_STANDARD = gnu99;
				GCC_DYNAMIC_NO_PIC = NO;
				GCC_OPTIMIZATION_LEVEL = 0;
				GCC_PREPROCESSOR_DEFINITIONS = (
					"DEBUG=1",
					"$(inherited)",
				);
				GCC_SYMBOLS_PRIVATE_EXTERN = NO;
				GCC_WARN_64_TO_32_BIT_CONVERSION = YES;
				GCC_WARN_ABOUT_RETURN_TYPE = YES_ERROR;
				GCC_WARN_UNDECLARED_SELECTOR = YES;
				GCC_WARN_UNINITIALIZED_AUTOS = YES_AGGRESSIVE;
				GCC_WARN_UNUSED_FUNCTION = YES;
				GCC_WARN_UNUSED_VARIABLE = YES;
				IPHONEOS_DEPLOYMENT_TARGET = 8.0;
				MTL_ENABLE_DEBUG_INFO = YES;
				ONLY_ACTIVE_ARCH = YES;
				SDKROOT = iphoneos;
				SWIFT_OPTIMIZATION_LEVEL = "-Onone";
			};
			name = Debug;
		};
		3DFD3CBA19EA9390008C6B73 /* Release */ = {
			isa = XCBuildConfiguration;
			buildSettings = {
				ALWAYS_SEARCH_USER_PATHS = NO;
				CLANG_CXX_LANGUAGE_STANDARD = "gnu++0x";
				CLANG_CXX_LIBRARY = "libc++";
				CLANG_ENABLE_MODULES = YES;
				CLANG_ENABLE_OBJC_ARC = YES;
				CLANG_WARN_BOOL_CONVERSION = YES;
				CLANG_WARN_CONSTANT_CONVERSION = YES;
				CLANG_WARN_DIRECT_OBJC_ISA_USAGE = YES_ERROR;
				CLANG_WARN_EMPTY_BODY = YES;
				CLANG_WARN_ENUM_CONVERSION = YES;
				CLANG_WARN_INT_CONVERSION = YES;
				CLANG_WARN_OBJC_ROOT_CLASS = YES_ERROR;
				CLANG_WARN_UNREACHABLE_CODE = YES;
				CLANG_WARN__DUPLICATE_METHOD_MATCH = YES;
				"CODE_SIGN_IDENTITY[sdk=iphoneos*]" = "iPhone Developer";
				COPY_PHASE_STRIP = YES;
				ENABLE_NS_ASSERTIONS = NO;
				ENABLE_STRICT_OBJC_MSGSEND = YES;
				GCC_C_LANGUAGE_STANDARD = gnu99;
				GCC_WARN_64_TO_32_BIT_CONVERSION = YES;
				GCC_WARN_ABOUT_RETURN_TYPE = YES_ERROR;
				GCC_WARN_UNDECLARED_SELECTOR = YES;
				GCC_WARN_UNINITIALIZED_AUTOS = YES_AGGRESSIVE;
				GCC_WARN_UNUSED_FUNCTION = YES;
				GCC_WARN_UNUSED_VARIABLE = YES;
				IPHONEOS_DEPLOYMENT_TARGET = 8.0;
				MTL_ENABLE_DEBUG_INFO = NO;
				SDKROOT = iphoneos;
				VALIDATE_PRODUCT = YES;
			};
			name = Release;
		};
		3DFD3CBC19EA9390008C6B73 /* Debug */ = {
			isa = XCBuildConfiguration;
			buildSettings = {
				ASSETCATALOG_COMPILER_APPICON_NAME = AppIcon;
				ASSETCATALOG_COMPILER_LAUNCHIMAGE_NAME = LaunchImage;
				CLANG_ENABLE_MODULES = YES;
				CODE_SIGN_IDENTITY = "iPhone Developer";
				"CODE_SIGN_IDENTITY[sdk=iphoneos*]" = "iPhone Developer";
				INFOPLIST_FILE = Socivy/Info.plist;
				IPHONEOS_DEPLOYMENT_TARGET = 7.1;
				LD_RUNPATH_SEARCH_PATHS = "$(inherited) @executable_path/Frameworks";
				PRODUCT_NAME = "$(TARGET_NAME)";
				PROVISIONING_PROFILE = "16721fec-6b2f-496d-906e-c9e649d9802a";
				SWIFT_OBJC_BRIDGING_HEADER = "Socivy/Socivy-Bridging-Header.h";
				SWIFT_OPTIMIZATION_LEVEL = "-Onone";
				TARGETED_DEVICE_FAMILY = 1;
			};
			name = Debug;
		};
		3DFD3CBD19EA9390008C6B73 /* Release */ = {
			isa = XCBuildConfiguration;
			buildSettings = {
				ASSETCATALOG_COMPILER_APPICON_NAME = AppIcon;
				ASSETCATALOG_COMPILER_LAUNCHIMAGE_NAME = LaunchImage;
				CLANG_ENABLE_MODULES = YES;
				CODE_SIGN_IDENTITY = "iPhone Developer";
				"CODE_SIGN_IDENTITY[sdk=iphoneos*]" = "iPhone Developer";
				INFOPLIST_FILE = Socivy/Info.plist;
				IPHONEOS_DEPLOYMENT_TARGET = 7.1;
				LD_RUNPATH_SEARCH_PATHS = "$(inherited) @executable_path/Frameworks";
				PRODUCT_NAME = "$(TARGET_NAME)";
				PROVISIONING_PROFILE = "5e38ba07-2239-4593-b30f-274af8055488";
				SWIFT_OBJC_BRIDGING_HEADER = "Socivy/Socivy-Bridging-Header.h";
				TARGETED_DEVICE_FAMILY = 1;
			};
			name = Release;
		};
/* End XCBuildConfiguration section */

/* Begin XCConfigurationList section */
		3DFD3C9719EA9390008C6B73 /* Build configuration list for PBXProject "Socivy" */ = {
			isa = XCConfigurationList;
			buildConfigurations = (
				3DFD3CB919EA9390008C6B73 /* Debug */,
				3DFD3CBA19EA9390008C6B73 /* Release */,
			);
			defaultConfigurationIsVisible = 0;
			defaultConfigurationName = Release;
		};
		3DFD3CBB19EA9390008C6B73 /* Build configuration list for PBXNativeTarget "Socivy" */ = {
			isa = XCConfigurationList;
			buildConfigurations = (
				3DFD3CBC19EA9390008C6B73 /* Debug */,
				3DFD3CBD19EA9390008C6B73 /* Release */,
			);
			defaultConfigurationIsVisible = 0;
			defaultConfigurationName = Release;
		};
/* End XCConfigurationList section */
	};
	rootObject = 3DFD3C9419EA9390008C6B73 /* Project object */;
}
