// !$*UTF8*$!
{
	archiveVersion = 1;
	classes = {
	};
	objectVersion = 46;
	objects = {

/* Begin PBXBuildFile section */
		3DABB0A119D22332005CE136 /* AppDelegate.swift in Sources */ = {isa = PBXBuildFile; fileRef = 3DABB0A019D22332005CE136 /* AppDelegate.swift */; };
		3DABB0AA19D22332005CE136 /* Images.xcassets in Resources */ = {isa = PBXBuildFile; fileRef = 3DABB0A919D22332005CE136 /* Images.xcassets */; };
		3DABB0AD19D22332005CE136 /* LaunchScreen.xib in Resources */ = {isa = PBXBuildFile; fileRef = 3DABB0AB19D22332005CE136 /* LaunchScreen.xib */; };
		3DABB0B919D22332005CE136 /* OzU_CarpoolTests.swift in Sources */ = {isa = PBXBuildFile; fileRef = 3DABB0B819D22332005CE136 /* OzU_CarpoolTests.swift */; };
		3DABB0C319D22756005CE136 /* LoginViewController.swift in Sources */ = {isa = PBXBuildFile; fileRef = 3DABB0C219D22756005CE136 /* LoginViewController.swift */; };
		3DABB0C519D22765005CE136 /* SignupViewController.swift in Sources */ = {isa = PBXBuildFile; fileRef = 3DABB0C419D22765005CE136 /* SignupViewController.swift */; };
		3DABB0C719D22CA3005CE136 /* API.swift in Sources */ = {isa = PBXBuildFile; fileRef = 3DABB0C619D22CA3005CE136 /* API.swift */; };
		3DABB0C919D23290005CE136 /* TextFieldCell.swift in Sources */ = {isa = PBXBuildFile; fileRef = 3DABB0C819D23290005CE136 /* TextFieldCell.swift */; };
		3DABB0CB19D23A7C005CE136 /* MainTabBarController.swift in Sources */ = {isa = PBXBuildFile; fileRef = 3DABB0CA19D23A7C005CE136 /* MainTabBarController.swift */; };
		3DABB0CD19D23F30005CE136 /* SettingsViewController.swift in Sources */ = {isa = PBXBuildFile; fileRef = 3DABB0CC19D23F30005CE136 /* SettingsViewController.swift */; };
		3DABB0CF19D24CCC005CE136 /* RoutesViewController.swift in Sources */ = {isa = PBXBuildFile; fileRef = 3DABB0CE19D24CCC005CE136 /* RoutesViewController.swift */; };
		3DABB0D119D24D4A005CE136 /* Route.swift in Sources */ = {isa = PBXBuildFile; fileRef = 3DABB0D019D24D4A005CE136 /* Route.swift */; };
		3DABB0D319D24DFD005CE136 /* MapKit.framework in Frameworks */ = {isa = PBXBuildFile; fileRef = 3DABB0D219D24DFD005CE136 /* MapKit.framework */; };
		3DABB0D519D25C9A005CE136 /* RouteDetailViewController.swift in Sources */ = {isa = PBXBuildFile; fileRef = 3DABB0D419D25C9A005CE136 /* RouteDetailViewController.swift */; };
		3DABB0D719D25E4D005CE136 /* MapCell.swift in Sources */ = {isa = PBXBuildFile; fileRef = 3DABB0D619D25E4D005CE136 /* MapCell.swift */; };
		3DABB0DA19D2E870005CE136 /* RouteSearchViewController.swift in Sources */ = {isa = PBXBuildFile; fileRef = 3DABB0D919D2E870005CE136 /* RouteSearchViewController.swift */; };
		3DABB0DF19D33B15005CE136 /* Main.storyboard in Resources */ = {isa = PBXBuildFile; fileRef = 3DABB0DD19D33B15005CE136 /* Main.storyboard */; };
		3DEBA12B19D3626500C84094 /* DatePickerCell.swift in Sources */ = {isa = PBXBuildFile; fileRef = 3DEBA12A19D3626500C84094 /* DatePickerCell.swift */; };
		3DEBA12D19D362C000C84094 /* SegmentedControlCell.swift in Sources */ = {isa = PBXBuildFile; fileRef = 3DEBA12C19D362C000C84094 /* SegmentedControlCell.swift */; };
/* End PBXBuildFile section */

/* Begin PBXContainerItemProxy section */
		3DABB0B319D22332005CE136 /* PBXContainerItemProxy */ = {
			isa = PBXContainerItemProxy;
			containerPortal = 3DABB09319D22332005CE136 /* Project object */;
			proxyType = 1;
			remoteGlobalIDString = 3DABB09A19D22332005CE136;
			remoteInfo = "OzU Carpool";
		};
/* End PBXContainerItemProxy section */

/* Begin PBXFileReference section */
		3DABB09B19D22332005CE136 /* OzU Carpool.app */ = {isa = PBXFileReference; explicitFileType = wrapper.application; includeInIndex = 0; path = "OzU Carpool.app"; sourceTree = BUILT_PRODUCTS_DIR; };
		3DABB09F19D22332005CE136 /* Info.plist */ = {isa = PBXFileReference; lastKnownFileType = text.plist.xml; path = Info.plist; sourceTree = "<group>"; };
		3DABB0A019D22332005CE136 /* AppDelegate.swift */ = {isa = PBXFileReference; lastKnownFileType = sourcecode.swift; path = AppDelegate.swift; sourceTree = "<group>"; };
		3DABB0A919D22332005CE136 /* Images.xcassets */ = {isa = PBXFileReference; lastKnownFileType = folder.assetcatalog; path = Images.xcassets; sourceTree = "<group>"; };
		3DABB0AC19D22332005CE136 /* Base */ = {isa = PBXFileReference; lastKnownFileType = file.xib; name = Base; path = Base.lproj/LaunchScreen.xib; sourceTree = "<group>"; };
		3DABB0B219D22332005CE136 /* OzU CarpoolTests.xctest */ = {isa = PBXFileReference; explicitFileType = wrapper.cfbundle; includeInIndex = 0; path = "OzU CarpoolTests.xctest"; sourceTree = BUILT_PRODUCTS_DIR; };
		3DABB0B719D22332005CE136 /* Info.plist */ = {isa = PBXFileReference; lastKnownFileType = text.plist.xml; path = Info.plist; sourceTree = "<group>"; };
		3DABB0B819D22332005CE136 /* OzU_CarpoolTests.swift */ = {isa = PBXFileReference; lastKnownFileType = sourcecode.swift; path = OzU_CarpoolTests.swift; sourceTree = "<group>"; };
		3DABB0C219D22756005CE136 /* LoginViewController.swift */ = {isa = PBXFileReference; fileEncoding = 4; lastKnownFileType = sourcecode.swift; path = LoginViewController.swift; sourceTree = "<group>"; };
		3DABB0C419D22765005CE136 /* SignupViewController.swift */ = {isa = PBXFileReference; fileEncoding = 4; lastKnownFileType = sourcecode.swift; path = SignupViewController.swift; sourceTree = "<group>"; };
		3DABB0C619D22CA3005CE136 /* API.swift */ = {isa = PBXFileReference; fileEncoding = 4; lastKnownFileType = sourcecode.swift; path = API.swift; sourceTree = "<group>"; };
		3DABB0C819D23290005CE136 /* TextFieldCell.swift */ = {isa = PBXFileReference; fileEncoding = 4; lastKnownFileType = sourcecode.swift; name = TextFieldCell.swift; path = ../TextFieldCell.swift; sourceTree = "<group>"; };
		3DABB0CA19D23A7C005CE136 /* MainTabBarController.swift */ = {isa = PBXFileReference; fileEncoding = 4; lastKnownFileType = sourcecode.swift; path = MainTabBarController.swift; sourceTree = "<group>"; };
		3DABB0CC19D23F30005CE136 /* SettingsViewController.swift */ = {isa = PBXFileReference; fileEncoding = 4; lastKnownFileType = sourcecode.swift; name = SettingsViewController.swift; path = ../SettingsViewController.swift; sourceTree = "<group>"; };
		3DABB0CE19D24CCC005CE136 /* RoutesViewController.swift */ = {isa = PBXFileReference; fileEncoding = 4; lastKnownFileType = sourcecode.swift; name = RoutesViewController.swift; path = ../RoutesViewController.swift; sourceTree = "<group>"; };
		3DABB0D019D24D4A005CE136 /* Route.swift */ = {isa = PBXFileReference; fileEncoding = 4; lastKnownFileType = sourcecode.swift; path = Route.swift; sourceTree = "<group>"; };
		3DABB0D219D24DFD005CE136 /* MapKit.framework */ = {isa = PBXFileReference; lastKnownFileType = wrapper.framework; name = MapKit.framework; path = System/Library/Frameworks/MapKit.framework; sourceTree = SDKROOT; };
		3DABB0D419D25C9A005CE136 /* RouteDetailViewController.swift */ = {isa = PBXFileReference; fileEncoding = 4; lastKnownFileType = sourcecode.swift; path = RouteDetailViewController.swift; sourceTree = "<group>"; };
		3DABB0D619D25E4D005CE136 /* MapCell.swift */ = {isa = PBXFileReference; fileEncoding = 4; lastKnownFileType = sourcecode.swift; path = MapCell.swift; sourceTree = "<group>"; };
		3DABB0D919D2E870005CE136 /* RouteSearchViewController.swift */ = {isa = PBXFileReference; fileEncoding = 4; lastKnownFileType = sourcecode.swift; path = RouteSearchViewController.swift; sourceTree = "<group>"; };
		3DABB0DE19D33B15005CE136 /* Base */ = {isa = PBXFileReference; lastKnownFileType = file.storyboard; name = Base; path = Base.lproj/Main.storyboard; sourceTree = "<group>"; };
		3DEBA12A19D3626500C84094 /* DatePickerCell.swift */ = {isa = PBXFileReference; fileEncoding = 4; lastKnownFileType = sourcecode.swift; path = DatePickerCell.swift; sourceTree = "<group>"; };
		3DEBA12C19D362C000C84094 /* SegmentedControlCell.swift */ = {isa = PBXFileReference; fileEncoding = 4; lastKnownFileType = sourcecode.swift; path = SegmentedControlCell.swift; sourceTree = "<group>"; };
/* End PBXFileReference section */

/* Begin PBXFrameworksBuildPhase section */
		3DABB09819D22332005CE136 /* Frameworks */ = {
			isa = PBXFrameworksBuildPhase;
			buildActionMask = 2147483647;
			files = (
				3DABB0D319D24DFD005CE136 /* MapKit.framework in Frameworks */,
			);
			runOnlyForDeploymentPostprocessing = 0;
		};
		3DABB0AF19D22332005CE136 /* Frameworks */ = {
			isa = PBXFrameworksBuildPhase;
			buildActionMask = 2147483647;
			files = (
			);
			runOnlyForDeploymentPostprocessing = 0;
		};
/* End PBXFrameworksBuildPhase section */

/* Begin PBXGroup section */
		3DABB09219D22332005CE136 = {
			isa = PBXGroup;
			children = (
				3DABB09D19D22332005CE136 /* OzU Carpool */,
				3DABB0B519D22332005CE136 /* OzU CarpoolTests */,
				3DABB09C19D22332005CE136 /* Products */,
			);
			sourceTree = "<group>";
		};
		3DABB09C19D22332005CE136 /* Products */ = {
			isa = PBXGroup;
			children = (
				3DABB09B19D22332005CE136 /* OzU Carpool.app */,
				3DABB0B219D22332005CE136 /* OzU CarpoolTests.xctest */,
			);
			name = Products;
			sourceTree = "<group>";
		};
		3DABB09D19D22332005CE136 /* OzU Carpool */ = {
			isa = PBXGroup;
			children = (
				3DABB0C819D23290005CE136 /* TextFieldCell.swift */,
				3DEBA12A19D3626500C84094 /* DatePickerCell.swift */,
				3DEBA12C19D362C000C84094 /* SegmentedControlCell.swift */,
				3DABB0D619D25E4D005CE136 /* MapCell.swift */,
				3DABB0A019D22332005CE136 /* AppDelegate.swift */,
				3DABB0A919D22332005CE136 /* Images.xcassets */,
				3DABB0AB19D22332005CE136 /* LaunchScreen.xib */,
				3DABB0DD19D33B15005CE136 /* Main.storyboard */,
				3DABB09E19D22332005CE136 /* Supporting Files */,
				3DABB0C219D22756005CE136 /* LoginViewController.swift */,
				3DABB0D819D25FE7005CE136 /* Don't Have Car */,
				3DABB0CC19D23F30005CE136 /* SettingsViewController.swift */,
				3DABB0C419D22765005CE136 /* SignupViewController.swift */,
				3DABB0C619D22CA3005CE136 /* API.swift */,
				3DABB0CA19D23A7C005CE136 /* MainTabBarController.swift */,
				3DABB0D019D24D4A005CE136 /* Route.swift */,
				3DABB0D219D24DFD005CE136 /* MapKit.framework */,
			);
			path = "OzU Carpool";
			sourceTree = "<group>";
		};
		3DABB09E19D22332005CE136 /* Supporting Files */ = {
			isa = PBXGroup;
			children = (
				3DABB09F19D22332005CE136 /* Info.plist */,
			);
			name = "Supporting Files";
			sourceTree = "<group>";
		};
		3DABB0B519D22332005CE136 /* OzU CarpoolTests */ = {
			isa = PBXGroup;
			children = (
				3DABB0B819D22332005CE136 /* OzU_CarpoolTests.swift */,
				3DABB0B619D22332005CE136 /* Supporting Files */,
			);
			path = "OzU CarpoolTests";
			sourceTree = "<group>";
		};
		3DABB0B619D22332005CE136 /* Supporting Files */ = {
			isa = PBXGroup;
			children = (
				3DABB0B719D22332005CE136 /* Info.plist */,
			);
			name = "Supporting Files";
			sourceTree = "<group>";
		};
		3DABB0D819D25FE7005CE136 /* Don't Have Car */ = {
			isa = PBXGroup;
			children = (
				3DABB0CE19D24CCC005CE136 /* RoutesViewController.swift */,
				3DABB0D919D2E870005CE136 /* RouteSearchViewController.swift */,
				3DABB0D419D25C9A005CE136 /* RouteDetailViewController.swift */,
			);
			name = "Don't Have Car";
			sourceTree = "<group>";
		};
/* End PBXGroup section */

/* Begin PBXNativeTarget section */
		3DABB09A19D22332005CE136 /* OzU Carpool */ = {
			isa = PBXNativeTarget;
			buildConfigurationList = 3DABB0BC19D22332005CE136 /* Build configuration list for PBXNativeTarget "OzU Carpool" */;
			buildPhases = (
				3DABB09719D22332005CE136 /* Sources */,
				3DABB09819D22332005CE136 /* Frameworks */,
				3DABB09919D22332005CE136 /* Resources */,
			);
			buildRules = (
			);
			dependencies = (
			);
			name = "OzU Carpool";
			productName = "OzU Carpool";
			productReference = 3DABB09B19D22332005CE136 /* OzU Carpool.app */;
			productType = "com.apple.product-type.application";
		};
		3DABB0B119D22332005CE136 /* OzU CarpoolTests */ = {
			isa = PBXNativeTarget;
			buildConfigurationList = 3DABB0BF19D22332005CE136 /* Build configuration list for PBXNativeTarget "OzU CarpoolTests" */;
			buildPhases = (
				3DABB0AE19D22332005CE136 /* Sources */,
				3DABB0AF19D22332005CE136 /* Frameworks */,
				3DABB0B019D22332005CE136 /* Resources */,
			);
			buildRules = (
			);
			dependencies = (
				3DABB0B419D22332005CE136 /* PBXTargetDependency */,
			);
			name = "OzU CarpoolTests";
			productName = "OzU CarpoolTests";
			productReference = 3DABB0B219D22332005CE136 /* OzU CarpoolTests.xctest */;
			productType = "com.apple.product-type.bundle.unit-test";
		};
/* End PBXNativeTarget section */

/* Begin PBXProject section */
		3DABB09319D22332005CE136 /* Project object */ = {
			isa = PBXProject;
			attributes = {
				LastUpgradeCheck = 0600;
				ORGANIZATIONNAME = TDG;
				TargetAttributes = {
					3DABB09A19D22332005CE136 = {
						CreatedOnToolsVersion = 6.0.1;
						SystemCapabilities = {
							com.apple.Maps.iOS = {
								enabled = 1;
							};
						};
					};
					3DABB0B119D22332005CE136 = {
						CreatedOnToolsVersion = 6.0.1;
						TestTargetID = 3DABB09A19D22332005CE136;
					};
				};
			};
			buildConfigurationList = 3DABB09619D22332005CE136 /* Build configuration list for PBXProject "OzU Carpool" */;
			compatibilityVersion = "Xcode 3.2";
			developmentRegion = English;
			hasScannedForEncodings = 0;
			knownRegions = (
				en,
				Base,
			);
			mainGroup = 3DABB09219D22332005CE136;
			productRefGroup = 3DABB09C19D22332005CE136 /* Products */;
			projectDirPath = "";
			projectRoot = "";
			targets = (
				3DABB09A19D22332005CE136 /* OzU Carpool */,
				3DABB0B119D22332005CE136 /* OzU CarpoolTests */,
			);
		};
/* End PBXProject section */

/* Begin PBXResourcesBuildPhase section */
		3DABB09919D22332005CE136 /* Resources */ = {
			isa = PBXResourcesBuildPhase;
			buildActionMask = 2147483647;
			files = (
				3DABB0DF19D33B15005CE136 /* Main.storyboard in Resources */,
				3DABB0AD19D22332005CE136 /* LaunchScreen.xib in Resources */,
				3DABB0AA19D22332005CE136 /* Images.xcassets in Resources */,
			);
			runOnlyForDeploymentPostprocessing = 0;
		};
		3DABB0B019D22332005CE136 /* Resources */ = {
			isa = PBXResourcesBuildPhase;
			buildActionMask = 2147483647;
			files = (
			);
			runOnlyForDeploymentPostprocessing = 0;
		};
/* End PBXResourcesBuildPhase section */

/* Begin PBXSourcesBuildPhase section */
		3DABB09719D22332005CE136 /* Sources */ = {
			isa = PBXSourcesBuildPhase;
			buildActionMask = 2147483647;
			files = (
				3DABB0DA19D2E870005CE136 /* RouteSearchViewController.swift in Sources */,
				3DABB0D119D24D4A005CE136 /* Route.swift in Sources */,
				3DABB0C319D22756005CE136 /* LoginViewController.swift in Sources */,
				3DABB0C919D23290005CE136 /* TextFieldCell.swift in Sources */,
				3DABB0CB19D23A7C005CE136 /* MainTabBarController.swift in Sources */,
				3DABB0C519D22765005CE136 /* SignupViewController.swift in Sources */,
				3DEBA12D19D362C000C84094 /* SegmentedControlCell.swift in Sources */,
				3DABB0A119D22332005CE136 /* AppDelegate.swift in Sources */,
				3DABB0D719D25E4D005CE136 /* MapCell.swift in Sources */,
				3DABB0C719D22CA3005CE136 /* API.swift in Sources */,
				3DABB0D519D25C9A005CE136 /* RouteDetailViewController.swift in Sources */,
				3DABB0CF19D24CCC005CE136 /* RoutesViewController.swift in Sources */,
				3DABB0CD19D23F30005CE136 /* SettingsViewController.swift in Sources */,
				3DEBA12B19D3626500C84094 /* DatePickerCell.swift in Sources */,
			);
			runOnlyForDeploymentPostprocessing = 0;
		};
		3DABB0AE19D22332005CE136 /* Sources */ = {
			isa = PBXSourcesBuildPhase;
			buildActionMask = 2147483647;
			files = (
				3DABB0B919D22332005CE136 /* OzU_CarpoolTests.swift in Sources */,
			);
			runOnlyForDeploymentPostprocessing = 0;
		};
/* End PBXSourcesBuildPhase section */

/* Begin PBXTargetDependency section */
		3DABB0B419D22332005CE136 /* PBXTargetDependency */ = {
			isa = PBXTargetDependency;
			target = 3DABB09A19D22332005CE136 /* OzU Carpool */;
			targetProxy = 3DABB0B319D22332005CE136 /* PBXContainerItemProxy */;
		};
/* End PBXTargetDependency section */

/* Begin PBXVariantGroup section */
		3DABB0AB19D22332005CE136 /* LaunchScreen.xib */ = {
			isa = PBXVariantGroup;
			children = (
				3DABB0AC19D22332005CE136 /* Base */,
			);
			name = LaunchScreen.xib;
			sourceTree = "<group>";
		};
		3DABB0DD19D33B15005CE136 /* Main.storyboard */ = {
			isa = PBXVariantGroup;
			children = (
				3DABB0DE19D33B15005CE136 /* Base */,
			);
			name = Main.storyboard;
			sourceTree = "<group>";
		};
/* End PBXVariantGroup section */

/* Begin XCBuildConfiguration section */
		3DABB0BA19D22332005CE136 /* Debug */ = {
			isa = XCBuildConfiguration;
			buildSettings = {
				ALWAYS_SEARCH_USER_PATHS = NO;
				CLANG_CXX_LANGUAGE_STANDARD = "gnu++0x";
				CLANG_CXX_LIBRARY = "libc++";
				CLANG_ENABLE_MODULES = YES;
				CLANG_ENABLE_OBJC_ARC = YES;
				CLANG_WARN_BOOL_CONVERSION = YES;
				CLANG_WARN_CONSTANT_CONVERSION = YES;
				CLANG_WARN_DIRECT_OBJC_ISA_USAGE = YES_ERROR;
				CLANG_WARN_EMPTY_BODY = YES;
				CLANG_WARN_ENUM_CONVERSION = YES;
				CLANG_WARN_INT_CONVERSION = YES;
				CLANG_WARN_OBJC_ROOT_CLASS = YES_ERROR;
				CLANG_WARN_UNREACHABLE_CODE = YES;
				CLANG_WARN__DUPLICATE_METHOD_MATCH = YES;
				"CODE_SIGN_IDENTITY[sdk=iphoneos*]" = "iPhone Developer";
				COPY_PHASE_STRIP = NO;
				ENABLE_STRICT_OBJC_MSGSEND = YES;
				GCC_C_LANGUAGE_STANDARD = gnu99;
				GCC_DYNAMIC_NO_PIC = NO;
				GCC_OPTIMIZATION_LEVEL = 0;
				GCC_PREPROCESSOR_DEFINITIONS = (
					"DEBUG=1",
					"$(inherited)",
				);
				GCC_SYMBOLS_PRIVATE_EXTERN = NO;
				GCC_WARN_64_TO_32_BIT_CONVERSION = YES;
				GCC_WARN_ABOUT_RETURN_TYPE = YES_ERROR;
				GCC_WARN_UNDECLARED_SELECTOR = YES;
				GCC_WARN_UNINITIALIZED_AUTOS = YES_AGGRESSIVE;
				GCC_WARN_UNUSED_FUNCTION = YES;
				GCC_WARN_UNUSED_VARIABLE = YES;
				IPHONEOS_DEPLOYMENT_TARGET = 8.0;
				MTL_ENABLE_DEBUG_INFO = YES;
				ONLY_ACTIVE_ARCH = YES;
				SDKROOT = iphoneos;
				SWIFT_OPTIMIZATION_LEVEL = "-Onone";
			};
			name = Debug;
		};
		3DABB0BB19D22332005CE136 /* Release */ = {
			isa = XCBuildConfiguration;
			buildSettings = {
				ALWAYS_SEARCH_USER_PATHS = NO;
				CLANG_CXX_LANGUAGE_STANDARD = "gnu++0x";
				CLANG_CXX_LIBRARY = "libc++";
				CLANG_ENABLE_MODULES = YES;
				CLANG_ENABLE_OBJC_ARC = YES;
				CLANG_WARN_BOOL_CONVERSION = YES;
				CLANG_WARN_CONSTANT_CONVERSION = YES;
				CLANG_WARN_DIRECT_OBJC_ISA_USAGE = YES_ERROR;
				CLANG_WARN_EMPTY_BODY = YES;
				CLANG_WARN_ENUM_CONVERSION = YES;
				CLANG_WARN_INT_CONVERSION = YES;
				CLANG_WARN_OBJC_ROOT_CLASS = YES_ERROR;
				CLANG_WARN_UNREACHABLE_CODE = YES;
				CLANG_WARN__DUPLICATE_METHOD_MATCH = YES;
				"CODE_SIGN_IDENTITY[sdk=iphoneos*]" = "iPhone Developer";
				COPY_PHASE_STRIP = YES;
				ENABLE_NS_ASSERTIONS = NO;
				ENABLE_STRICT_OBJC_MSGSEND = YES;
				GCC_C_LANGUAGE_STANDARD = gnu99;
				GCC_WARN_64_TO_32_BIT_CONVERSION = YES;
				GCC_WARN_ABOUT_RETURN_TYPE = YES_ERROR;
				GCC_WARN_UNDECLARED_SELECTOR = YES;
				GCC_WARN_UNINITIALIZED_AUTOS = YES_AGGRESSIVE;
				GCC_WARN_UNUSED_FUNCTION = YES;
				GCC_WARN_UNUSED_VARIABLE = YES;
				IPHONEOS_DEPLOYMENT_TARGET = 8.0;
				MTL_ENABLE_DEBUG_INFO = NO;
				SDKROOT = iphoneos;
				VALIDATE_PRODUCT = YES;
			};
			name = Release;
		};
		3DABB0BD19D22332005CE136 /* Debug */ = {
			isa = XCBuildConfiguration;
			buildSettings = {
				ASSETCATALOG_COMPILER_APPICON_NAME = AppIcon;
				INFOPLIST_FILE = "OzU Carpool/Info.plist";
				LD_RUNPATH_SEARCH_PATHS = "$(inherited) @executable_path/Frameworks";
				PRODUCT_NAME = "$(TARGET_NAME)";
			};
			name = Debug;
		};
		3DABB0BE19D22332005CE136 /* Release */ = {
			isa = XCBuildConfiguration;
			buildSettings = {
				ASSETCATALOG_COMPILER_APPICON_NAME = AppIcon;
				INFOPLIST_FILE = "OzU Carpool/Info.plist";
				LD_RUNPATH_SEARCH_PATHS = "$(inherited) @executable_path/Frameworks";
				PRODUCT_NAME = "$(TARGET_NAME)";
			};
			name = Release;
		};
		3DABB0C019D22332005CE136 /* Debug */ = {
			isa = XCBuildConfiguration;
			buildSettings = {
				BUNDLE_LOADER = "$(TEST_HOST)";
				FRAMEWORK_SEARCH_PATHS = (
					"$(SDKROOT)/Developer/Library/Frameworks",
					"$(inherited)",
				);
				GCC_PREPROCESSOR_DEFINITIONS = (
					"DEBUG=1",
					"$(inherited)",
				);
				INFOPLIST_FILE = "OzU CarpoolTests/Info.plist";
				LD_RUNPATH_SEARCH_PATHS = "$(inherited) @executable_path/Frameworks @loader_path/Frameworks";
				PRODUCT_NAME = "$(TARGET_NAME)";
				TEST_HOST = "$(BUILT_PRODUCTS_DIR)/OzU Carpool.app/OzU Carpool";
			};
			name = Debug;
		};
		3DABB0C119D22332005CE136 /* Release */ = {
			isa = XCBuildConfiguration;
			buildSettings = {
				BUNDLE_LOADER = "$(TEST_HOST)";
				FRAMEWORK_SEARCH_PATHS = (
					"$(SDKROOT)/Developer/Library/Frameworks",
					"$(inherited)",
				);
				INFOPLIST_FILE = "OzU CarpoolTests/Info.plist";
				LD_RUNPATH_SEARCH_PATHS = "$(inherited) @executable_path/Frameworks @loader_path/Frameworks";
				PRODUCT_NAME = "$(TARGET_NAME)";
				TEST_HOST = "$(BUILT_PRODUCTS_DIR)/OzU Carpool.app/OzU Carpool";
			};
			name = Release;
		};
/* End XCBuildConfiguration section */

/* Begin XCConfigurationList section */
		3DABB09619D22332005CE136 /* Build configuration list for PBXProject "OzU Carpool" */ = {
			isa = XCConfigurationList;
			buildConfigurations = (
				3DABB0BA19D22332005CE136 /* Debug */,
				3DABB0BB19D22332005CE136 /* Release */,
			);
			defaultConfigurationIsVisible = 0;
			defaultConfigurationName = Release;
		};
		3DABB0BC19D22332005CE136 /* Build configuration list for PBXNativeTarget "OzU Carpool" */ = {
			isa = XCConfigurationList;
			buildConfigurations = (
				3DABB0BD19D22332005CE136 /* Debug */,
				3DABB0BE19D22332005CE136 /* Release */,
			);
			defaultConfigurationIsVisible = 0;
			defaultConfigurationName = Release;
		};
		3DABB0BF19D22332005CE136 /* Build configuration list for PBXNativeTarget "OzU CarpoolTests" */ = {
			isa = XCConfigurationList;
			buildConfigurations = (
				3DABB0C019D22332005CE136 /* Debug */,
				3DABB0C119D22332005CE136 /* Release */,
			);
			defaultConfigurationIsVisible = 0;
			defaultConfigurationName = Release;
		};
/* End XCConfigurationList section */
	};
	rootObject = 3DABB09319D22332005CE136 /* Project object */;
}
